
Microsoft Visual Studio Solution File, Format Version 12.00
# Visual Studio Version 17
VisualStudioVersion = 17.2.32526.322
MinimumVisualStudioVersion = 10.0.40219.1
Project("{FAE04EC0-301F-11D3-BF4B-00C04F79EFBC}") = "NumberGuessingGame", "NumberGuessingGame\NumberGuessingGame.csproj", "{A460EDF3-E4CC-4992-84B9-349FEC66D774}"
EndProject
Global
	GlobalSection(SolutionConfigurationPlatforms) = preSolution
		Debug|Any CPU = Debug|Any CPU
		Release|Any CPU = Release|Any CPU
	EndGlobalSection
	GlobalSection(ProjectConfigurationPlatforms) = postSolution
		{A460EDF3-E4CC-4992-84B9-349FEC66D774}.Debug|Any CPU.ActiveCfg = Debug|Any CPU
		{A460EDF3-E4CC-4992-84B9-349FEC66D774}.Debug|Any CPU.Build.0 = Debug|Any CPU
		{A460EDF3-E4CC-4992-84B9-349FEC66D774}.Release|Any CPU.ActiveCfg = Release|Any CPU
		{A460EDF3-E4CC-4992-84B9-349FEC66D774}.Release|Any CPU.Build.0 = Release|Any CPU
	EndGlobalSection
	GlobalSection(SolutionProperties) = preSolution
		HideSolutionNode = FALSE
	EndGlobalSection
	GlobalSection(ExtensibilityGlobals) = postSolution
		SolutionGuid = {B206F99F-F800-44CC-AFB7-34EB82586D60}
	EndGlobalSection
EndGlobal
